<?xml version="1.0" encoding="utf-8"?>
<Project ToolsVersion="4.0" xmlns="http://schemas.microsoft.com/developer/msbuild/2003">
  <ItemGroup>
    <Filter Include="Source Files">
      <UniqueIdentifier>{4FC737F1-C7A5-4376-A066-2A32D752A2FF}</UniqueIdentifier>
      <Extensions>cpp;c;cc;cxx;def;odl;idl;hpj;bat;asm;asmx</Extensions>
    </Filter>
    <Filter Include="Header Files">
      <UniqueIdentifier>{93995380-89BD-4b04-88EB-625FBE52EBFB}</UniqueIdentifier>
      <Extensions>h;hpp;hxx;hm;inl;inc;xsd</Extensions>
    </Filter>
    <Filter Include="Resource Files">
      <UniqueIdentifier>{67DA6AB6-F800-4c08-8B7A-83BB121AAD01}</UniqueIdentifier>
      <Extensions>rc;ico;cur;bmp;dlg;rc2;rct;bin;rgs;gif;jpg;jpeg;jpe;resx;tiff;tif;png;wav</Extensions>
    </Filter>
    <Filter Include="Polyline Files">
      <UniqueIdentifier>{cc841252-f9ed-45bb-b857-252965175af6}</UniqueIdentifier>
      <Extensions>*.dat;cpp</Extensions>
    </Filter>
    <Filter Include="Source Files\Homework">
      <UniqueIdentifier>{29f17bb4-b222-4588-b572-3669a0ed38ff}</UniqueIdentifier>
    </Filter>
    <Filter Include="Source Files\Abstractions">
      <UniqueIdentifier>{c03ad1e4-ebe0-411b-9c7a-4639718547b6}</UniqueIdentifier>
    </Filter>
    <Filter Include="PLY Files">
      <UniqueIdentifier>{a322a2fd-7e53-4dc6-9286-868e9c3638d6}</UniqueIdentifier>
    </Filter>
    <Filter Include="Source Files\FileReaders">
      <UniqueIdentifier>{d58ab775-4c8b-4ec4-8f9c-b54884993300}</UniqueIdentifier>
    </Filter>
  </ItemGroup>
  <ItemGroup>
    <ClCompile Include="InitShader.cpp">
      <Filter>Source Files</Filter>
    </ClCompile>
    <ClCompile Include="geometries.cpp">
      <Filter>Source Files</Filter>
    </ClCompile>
    <ClCompile Include="keys.cpp">
      <Filter>Source Files</Filter>
    </ClCompile>
    <ClCompile Include="color.cpp">
      <Filter>Source Files</Filter>
    </ClCompile>
    <ClCompile Include="init.cpp">
      <Filter>Source Files</Filter>
    </ClCompile>
    <ClCompile Include="draw.cpp">
      <Filter>Source Files</Filter>
    </ClCompile>
    <ClCompile Include="main.cpp">
      <Filter>Source Files</Filter>
    </ClCompile>
    <ClCompile Include="hw1.cpp">
      <Filter>Source Files\Homework</Filter>
    </ClCompile>
    <ClCompile Include="MyPicture.cpp">
      <Filter>Source Files\Abstractions</Filter>
    </ClCompile>
    <ClCompile Include="MyPolyline.cpp">
      <Filter>Source Files\Abstractions</Filter>
    </ClCompile>
    <ClCompile Include="frame.cpp">
      <Filter>Source Files\Abstractions</Filter>
    </ClCompile>
    <ClCompile Include="hw2.cpp">
      <Filter>Source Files\Homework</Filter>
    </ClCompile>
    <ClCompile Include="shaderUtils.cpp">
      <Filter>Source Files</Filter>
    </ClCompile>
    <ClCompile Include="GRS.cpp">
      <Filter>Source Files\FileReaders</Filter>
    </ClCompile>
    <ClCompile Include="textfile.cpp">
      <Filter>Source Files\FileReaders</Filter>
    </ClCompile>
    <ClCompile Include="PLYreader.cpp">
      <Filter>Source Files\FileReaders</Filter>
    </ClCompile>
    <ClCompile Include="PLYPicture.cpp">
      <Filter>Source Files\Abstractions</Filter>
    </ClCompile>
  </ItemGroup>
  <ItemGroup>
    <ClInclude Include="textfile.h">
      <Filter>Header Files</Filter>
    </ClInclude>
    <ClInclude Include="vec.h">
      <Filter>Header Files</Filter>
    </ClInclude>
    <ClInclude Include="Angel.h">
      <Filter>Header Files</Filter>
    </ClInclude>
    <ClInclude Include="CheckError.h">
      <Filter>Header Files</Filter>
    </ClInclude>
    <ClInclude Include="utils.h">
      <Filter>Header Files</Filter>
    </ClInclude>
    <ClInclude Include="homework.h">
      <Filter>Header Files</Filter>
    </ClInclude>
    <ClInclude Include="mat.h">
      <Filter>Header Files</Filter>
    </ClInclude>
  </ItemGroup>
  <ItemGroup>
    <None Include="GRS\birdhead.dat">
      <Filter>Polyline Files</Filter>
    </None>
    <None Include="GRS\dino.dat">
      <Filter>Polyline Files</Filter>
    </None>
    <None Include="GRS\dragon.dat">
      <Filter>Polyline Files</Filter>
    </None>
    <None Include="GRS\house.dat">
      <Filter>Polyline Files</Filter>
    </None>
    <None Include="GRS\knight.dat">
      <Filter>Polyline Files</Filter>
    </None>
    <None Include="GRS\rex.dat">
      <Filter>Polyline Files</Filter>
    </None>
    <None Include="GRS\scene.dat">
      <Filter>Polyline Files</Filter>
    </None>
    <None Include="GRS\usa.dat">
      <Filter>Polyline Files</Filter>
    </None>
    <None Include="GRS\vinci.dat">
      <Filter>Polyline Files</Filter>
    </None>
    <None Include="ply_files\airplane.ply">
      <Filter>PLY Files</Filter>
    </None>
    <None Include="ply_files\ant.ply">
      <Filter>PLY Files</Filter>
    </None>
    <None Include="ply_files\apple.ply">
      <Filter>PLY Files</Filter>
    </None>
    <None Include="ply_files\balance.ply">
      <Filter>PLY Files</Filter>
    </None>
    <None Include="ply_files\beethoven.ply">
      <Filter>PLY Files</Filter>
    </None>
    <None Include="ply_files\big_atc.ply">
      <Filter>PLY Files</Filter>
    </None>
    <None Include="ply_files\big_dodge.ply">
      <Filter>PLY Files</Filter>
    </None>
    <None Include="ply_files\big_porsche.ply">
      <Filter>PLY Files</Filter>
    </None>
    <None Include="ply_files\big_spider.ply">
      <Filter>PLY Files</Filter>
    </None>
    <None Include="ply_files\canstick.ply">
      <Filter>PLY Files</Filter>
    </None>
    <None Include="ply_files\chopper.ply">
      <Filter>PLY Files</Filter>
    </None>
    <None Include="ply_files\cow.ply">
      <Filter>PLY Files</Filter>
    </None>
    <None Include="ply_files\dolphins.ply">
      <Filter>PLY Files</Filter>
    </None>
    <None Include="ply_files\egret.ply">
      <Filter>PLY Files</Filter>
    </None>
    <None Include="ply_files\f16.ply">
      <Filter>PLY Files</Filter>
    </None>
    <None Include="ply_files\footbones.ply">
      <Filter>PLY Files</Filter>
    </None>
    <None Include="ply_files\fracttree.ply">
      <Filter>PLY Files</Filter>
    </None>
    <None Include="ply_files\galleon.ply">
      <Filter>PLY Files</Filter>
    </None>
    <None Include="ply_files\hammerhead.ply">
      <Filter>PLY Files</Filter>
    </None>
    <None Include="ply_files\helix.ply">
      <Filter>PLY Files</Filter>
    </None>
    <None Include="ply_files\hind.ply">
      <Filter>PLY Files</Filter>
    </None>
    <None Include="ply_files\kerolamp.ply">
      <Filter>PLY Files</Filter>
    </None>
    <None Include="ply_files\ketchup.ply">
      <Filter>PLY Files</Filter>
    </None>
    <None Include="ply_files\mug.ply">
      <Filter>PLY Files</Filter>
    </None>
    <None Include="ply_files\part.ply">
      <Filter>PLY Files</Filter>
    </None>
    <None Include="ply_files\pickup_big.ply">
      <Filter>PLY Files</Filter>
    </None>
    <None Include="ply_files\pump.ply">
      <Filter>PLY Files</Filter>
    </None>
    <None Include="ply_files\pumpa_tb.ply">
      <Filter>PLY Files</Filter>
    </None>
    <None Include="ply_files\sandal.ply">
      <Filter>PLY Files</Filter>
    </None>
    <None Include="ply_files\saratoga.ply">
      <Filter>PLY Files</Filter>
    </None>
    <None Include="ply_files\scissors.ply">
      <Filter>PLY Files</Filter>
    </None>
    <None Include="ply_files\shark.ply">
      <Filter>PLY Files</Filter>
    </None>
    <None Include="ply_files\steeringweel.ply">
      <Filter>PLY Files</Filter>
    </None>
    <None Include="ply_files\stratocaster.ply">
      <Filter>PLY Files</Filter>
    </None>
    <None Include="ply_files\street_lamp.ply">
      <Filter>PLY Files</Filter>
    </None>
    <None Include="ply_files\teapot.ply">
      <Filter>PLY Files</Filter>
    </None>
    <None Include="ply_files\tennis_shoe.ply">
      <Filter>PLY Files</Filter>
    </None>
    <None Include="ply_files\tommygun.ply">
      <Filter>PLY Files</Filter>
    </None>
    <None Include="ply_files\trashcan.ply">
      <Filter>PLY Files</Filter>
    </None>
    <None Include="ply_files\turbine.ply">
      <Filter>PLY Files</Filter>
    </None>
    <None Include="ply_files\urn2.ply">
      <Filter>PLY Files</Filter>
    </None>
    <None Include="ply_files\walkman.ply">
      <Filter>PLY Files</Filter>
    </None>
    <None Include="ply_files\weathervane.ply">
      <Filter>PLY Files</Filter>
    </None>
  </ItemGroup>
</Project>